
Microsoft Visual Studio Solution File, Format Version 12.00
# Visual Studio Version 16
VisualStudioVersion = 16.0.29806.167
MinimumVisualStudioVersion = 10.0.40219.1
Project("{FAE04EC0-301F-11D3-BF4B-00C04F79EFBC}") = "epic_mqtt", "epic_mqtt\epic_mqtt.csproj", "{9F48AACD-A7A0-4BCB-91F6-F913B23F3DDB}"
EndProject
Project("{54435603-DBB4-11D2-8724-00A0C9A8B90C}") = "Setup", "Setup\Setup.vdproj", "{5E87D233-131E-4F8D-8BCA-9CA09ABC9F69}"
EndProject
Global
	GlobalSection(SolutionConfigurationPlatforms) = preSolution
		Debug|Any CPU = Debug|Any CPU
		Release|Any CPU = Release|Any CPU
	EndGlobalSection
	GlobalSection(ProjectConfigurationPlatforms) = postSolution
		{9F48AACD-A7A0-4BCB-91F6-F913B23F3DDB}.Debug|Any CPU.ActiveCfg = Debug|Any CPU
		{9F48AACD-A7A0-4BCB-91F6-F913B23F3DDB}.Debug|Any CPU.Build.0 = Debug|Any CPU
		{9F48AACD-A7A0-4BCB-91F6-F913B23F3DDB}.Release|Any CPU.ActiveCfg = Release|Any CPU
		{9F48AACD-A7A0-4BCB-91F6-F913B23F3DDB}.Release|Any CPU.Build.0 = Release|Any CPU
		{5E87D233-131E-4F8D-8BCA-9CA09ABC9F69}.Debug|Any CPU.ActiveCfg = Debug
		{5E87D233-131E-4F8D-8BCA-9CA09ABC9F69}.Release|Any CPU.ActiveCfg = Release
	EndGlobalSection
	GlobalSection(SolutionProperties) = preSolution
		HideSolutionNode = FALSE
	EndGlobalSection
	GlobalSection(ExtensibilityGlobals) = postSolution
		SolutionGuid = {A8E71395-6B25-47AB-AE87-1902243E7F8C}
	EndGlobalSection
EndGlobal
